
Microsoft Visual Studio Solution File, Format Version 12.00
# Visual Studio Version 17
VisualStudioVersion = 17.9.34714.143
MinimumVisualStudioVersion = 10.0.40219.1
Project("{9A19103F-16F7-4668-BE54-9A1E7A4F7556}") = "YuusufPieShop", "YuusufPieShop.csproj", "{BF241CED-BBDC-4056-81E1-F36B3AFA44D5}"
EndProject
Project("{FAE04EC0-301F-11D3-BF4B-00C04F79EFBC}") = "YuusufPieShopTests", "..\YuusufPieShopTests\YuusufPieShopTests.csproj", "{4E7B3A15-94C0-43C4-874A-D3AB03721BD3}"
EndProject
Global
	GlobalSection(SolutionConfigurationPlatforms) = preSolution
		Debug|Any CPU = Debug|Any CPU
		Release|Any CPU = Release|Any CPU
	EndGlobalSection
	GlobalSection(ProjectConfigurationPlatforms) = postSolution
		{BF241CED-BBDC-4056-81E1-F36B3AFA44D5}.Debug|Any CPU.ActiveCfg = Debug|Any CPU
		{BF241CED-BBDC-4056-81E1-F36B3AFA44D5}.Debug|Any CPU.Build.0 = Debug|Any CPU
		{BF241CED-BBDC-4056-81E1-F36B3AFA44D5}.Release|Any CPU.ActiveCfg = Release|Any CPU
		{BF241CED-BBDC-4056-81E1-F36B3AFA44D5}.Release|Any CPU.Build.0 = Release|Any CPU
		{4E7B3A15-94C0-43C4-874A-D3AB03721BD3}.Debug|Any CPU.ActiveCfg = Debug|Any CPU
		{4E7B3A15-94C0-43C4-874A-D3AB03721BD3}.Debug|Any CPU.Build.0 = Debug|Any CPU
		{4E7B3A15-94C0-43C4-874A-D3AB03721BD3}.Release|Any CPU.ActiveCfg = Release|Any CPU
		{4E7B3A15-94C0-43C4-874A-D3AB03721BD3}.Release|Any CPU.Build.0 = Release|Any CPU
	EndGlobalSection
	GlobalSection(SolutionProperties) = preSolution
		HideSolutionNode = FALSE
	EndGlobalSection
	GlobalSection(ExtensibilityGlobals) = postSolution
		SolutionGuid = {6936ABBD-C608-41C0-B928-84A7FCFEFBFF}
	EndGlobalSection
EndGlobal
